
Microsoft Visual Studio Solution File, Format Version 12.00
# Visual Studio Version 16
VisualStudioVersion = 16.0.30406.217
MinimumVisualStudioVersion = 10.0.40219.1
Project("{FAE04EC0-301F-11D3-BF4B-00C04F79EFBC}") = "ClassDemoTracing", "ClassDemoTracing\ClassDemoTracing.csproj", "{C2907EAA-2D18-4526-A1ED-BEE8B2F6890B}"
EndProject
Project("{FAE04EC0-301F-11D3-BF4B-00C04F79EFBC}") = "SMIDUDTRACE", "SMIDUDTRACE\SMIDUDTRACE.csproj", "{00FE9CA1-6F56-4E0F-A742-BC1F897E9857}"
EndProject
Global
	GlobalSection(SolutionConfigurationPlatforms) = preSolution
		Debug|Any CPU = Debug|Any CPU
		Release|Any CPU = Release|Any CPU
	EndGlobalSection
	GlobalSection(ProjectConfigurationPlatforms) = postSolution
		{C2907EAA-2D18-4526-A1ED-BEE8B2F6890B}.Debug|Any CPU.ActiveCfg = Debug|Any CPU
		{C2907EAA-2D18-4526-A1ED-BEE8B2F6890B}.Debug|Any CPU.Build.0 = Debug|Any CPU
		{C2907EAA-2D18-4526-A1ED-BEE8B2F6890B}.Release|Any CPU.ActiveCfg = Release|Any CPU
		{C2907EAA-2D18-4526-A1ED-BEE8B2F6890B}.Release|Any CPU.Build.0 = Release|Any CPU
		{00FE9CA1-6F56-4E0F-A742-BC1F897E9857}.Debug|Any CPU.ActiveCfg = Debug|Any CPU
		{00FE9CA1-6F56-4E0F-A742-BC1F897E9857}.Debug|Any CPU.Build.0 = Debug|Any CPU
		{00FE9CA1-6F56-4E0F-A742-BC1F897E9857}.Release|Any CPU.ActiveCfg = Release|Any CPU
		{00FE9CA1-6F56-4E0F-A742-BC1F897E9857}.Release|Any CPU.Build.0 = Release|Any CPU
	EndGlobalSection
	GlobalSection(SolutionProperties) = preSolution
		HideSolutionNode = FALSE
	EndGlobalSection
	GlobalSection(ExtensibilityGlobals) = postSolution
		SolutionGuid = {85409ACD-5CE1-4AC6-8447-78C7C8B333C0}
	EndGlobalSection
EndGlobal
